// !$*UTF8*$!
{
	archiveVersion = 1;
	classes = {
	};
	objectVersion = 46;
	objects = {

/* Begin PBXBuildFile section */
		4172F81E1C35603C005CE524 /* SingleNodeGeneric.swift in Sources */ = {isa = PBXBuildFile; fileRef = 4172F81D1C35603C005CE524 /* SingleNodeGeneric.swift */; };
		4172F8201C35612B005CE524 /* SingleLinkedListGeneric.swift in Sources */ = {isa = PBXBuildFile; fileRef = 4172F81F1C35612B005CE524 /* SingleLinkedListGeneric.swift */; };
		41FE39881C341DAB0064D1EA /* main.swift in Sources */ = {isa = PBXBuildFile; fileRef = 41FE39871C341DAB0064D1EA /* main.swift */; };
		41FE398F1C341E760064D1EA /* SingleLinkNode.swift in Sources */ = {isa = PBXBuildFile; fileRef = 41FE398E1C341E760064D1EA /* SingleLinkNode.swift */; };
		41FE39911C341FBD0064D1EA /* SingleLinkList.swift in Sources */ = {isa = PBXBuildFile; fileRef = 41FE39901C341FBD0064D1EA /* SingleLinkList.swift */; };
/* End PBXBuildFile section */

/* Begin PBXCopyFilesBuildPhase section */
		41FE39821C341DAB0064D1EA /* CopyFiles */ = {
			isa = PBXCopyFilesBuildPhase;
			buildActionMask = 2147483647;
			dstPath = /usr/share/man/man1/;
			dstSubfolderSpec = 0;
			files = (
			);
			runOnlyForDeploymentPostprocessing = 1;
		};
/* End PBXCopyFilesBuildPhase section */

/* Begin PBXFileReference section */
		4172F81D1C35603C005CE524 /* SingleNodeGeneric.swift */ = {isa = PBXFileReference; fileEncoding = 4; lastKnownFileType = sourcecode.swift; path = SingleNodeGeneric.swift; sourceTree = "<group>"; };
		4172F81F1C35612B005CE524 /* SingleLinkedListGeneric.swift */ = {isa = PBXFileReference; fileEncoding = 4; lastKnownFileType = sourcecode.swift; path = SingleLinkedListGeneric.swift; sourceTree = "<group>"; };
		41FE39841C341DAB0064D1EA /* DataStructuresAndAlgorithmsInSwift */ = {isa = PBXFileReference; explicitFileType = "compiled.mach-o.executable"; includeInIndex = 0; path = DataStructuresAndAlgorithmsInSwift; sourceTree = BUILT_PRODUCTS_DIR; };
		41FE39871C341DAB0064D1EA /* main.swift */ = {isa = PBXFileReference; lastKnownFileType = sourcecode.swift; path = main.swift; sourceTree = "<group>"; };
		41FE398E1C341E760064D1EA /* SingleLinkNode.swift */ = {isa = PBXFileReference; fileEncoding = 4; lastKnownFileType = sourcecode.swift; path = SingleLinkNode.swift; sourceTree = "<group>"; };
		41FE39901C341FBD0064D1EA /* SingleLinkList.swift */ = {isa = PBXFileReference; fileEncoding = 4; lastKnownFileType = sourcecode.swift; path = SingleLinkList.swift; sourceTree = "<group>"; };
/* End PBXFileReference section */

/* Begin PBXFrameworksBuildPhase section */
		41FE39811C341DAB0064D1EA /* Frameworks */ = {
			isa = PBXFrameworksBuildPhase;
			buildActionMask = 2147483647;
			files = (
			);
			runOnlyForDeploymentPostprocessing = 0;
		};
/* End PBXFrameworksBuildPhase section */

/* Begin PBXGroup section */
		41FE397B1C341DAB0064D1EA = {
			isa = PBXGroup;
			children = (
				41FE39861C341DAB0064D1EA /* DataStructuresAndAlgorithmsInSwift */,
				41FE39851C341DAB0064D1EA /* Products */,
			);
			sourceTree = "<group>";
		};
		41FE39851C341DAB0064D1EA /* Products */ = {
			isa = PBXGroup;
			children = (
				41FE39841C341DAB0064D1EA /* DataStructuresAndAlgorithmsInSwift */,
			);
			name = Products;
			sourceTree = "<group>";
		};
		41FE39861C341DAB0064D1EA /* DataStructuresAndAlgorithmsInSwift */ = {
			isa = PBXGroup;
			children = (
				41FE39871C341DAB0064D1EA /* main.swift */,
				41FE398E1C341E760064D1EA /* SingleLinkNode.swift */,
				41FE39901C341FBD0064D1EA /* SingleLinkList.swift */,
				4172F81D1C35603C005CE524 /* SingleNodeGeneric.swift */,
				4172F81F1C35612B005CE524 /* SingleLinkedListGeneric.swift */,
			);
			path = DataStructuresAndAlgorithmsInSwift;
			sourceTree = "<group>";
		};
/* End PBXGroup section */

/* Begin PBXNativeTarget section */
		41FE39831C341DAB0064D1EA /* DataStructuresAndAlgorithmsInSwift */ = {
			isa = PBXNativeTarget;
			buildConfigurationList = 41FE398B1C341DAB0064D1EA /* Build configuration list for PBXNativeTarget "DataStructuresAndAlgorithmsInSwift" */;
			buildPhases = (
				41FE39801C341DAB0064D1EA /* Sources */,
				41FE39811C341DAB0064D1EA /* Frameworks */,
				41FE39821C341DAB0064D1EA /* CopyFiles */,
			);
			buildRules = (
			);
			dependencies = (
			);
			name = DataStructuresAndAlgorithmsInSwift;
			productName = DataStructuresAndAlgorithmsInSwift;
			productReference = 41FE39841C341DAB0064D1EA /* DataStructuresAndAlgorithmsInSwift */;
			productType = "com.apple.product-type.tool";
		};
/* End PBXNativeTarget section */

/* Begin PBXProject section */
		41FE397C1C341DAB0064D1EA /* Project object */ = {
			isa = PBXProject;
			attributes = {
				LastSwiftUpdateCheck = 0720;
				LastUpgradeCheck = 0720;
				ORGANIZATIONNAME = "Banago labs";
				TargetAttributes = {
					41FE39831C341DAB0064D1EA = {
						CreatedOnToolsVersion = 7.2;
					};
				};
			};
			buildConfigurationList = 41FE397F1C341DAB0064D1EA /* Build configuration list for PBXProject "DataStructuresAndAlgorithmsInSwift" */;
			compatibilityVersion = "Xcode 3.2";
			developmentRegion = English;
			hasScannedForEncodings = 0;
			knownRegions = (
				en,
			);
			mainGroup = 41FE397B1C341DAB0064D1EA;
			productRefGroup = 41FE39851C341DAB0064D1EA /* Products */;
			projectDirPath = "";
			projectRoot = "";
			targets = (
				41FE39831C341DAB0064D1EA /* DataStructuresAndAlgorithmsInSwift */,
			);
		};
/* End PBXProject section */

/* Begin PBXSourcesBuildPhase section */
		41FE39801C341DAB0064D1EA /* Sources */ = {
			isa = PBXSourcesBuildPhase;
			buildActionMask = 2147483647;
			files = (
				41FE39911C341FBD0064D1EA /* SingleLinkList.swift in Sources */,
				4172F8201C35612B005CE524 /* SingleLinkedListGeneric.swift in Sources */,
				41FE39881C341DAB0064D1EA /* main.swift in Sources */,
				41FE398F1C341E760064D1EA /* SingleLinkNode.swift in Sources */,
				4172F81E1C35603C005CE524 /* SingleNodeGeneric.swift in Sources */,
			);
			runOnlyForDeploymentPostprocessing = 0;
		};
/* End PBXSourcesBuildPhase section */

/* Begin XCBuildConfiguration section */
		41FE39891C341DAB0064D1EA /* Debug */ = {
			isa = XCBuildConfiguration;
			buildSettings = {
				ALWAYS_SEARCH_USER_PATHS = NO;
				CLANG_CXX_LANGUAGE_STANDARD = "gnu++0x";
				CLANG_CXX_LIBRARY = "libc++";
				CLANG_ENABLE_MODULES = YES;
				CLANG_ENABLE_OBJC_ARC = YES;
				CLANG_WARN_BOOL_CONVERSION = YES;
				CLANG_WARN_CONSTANT_CONVERSION = YES;
				CLANG_WARN_DIRECT_OBJC_ISA_USAGE = YES_ERROR;
				CLANG_WARN_EMPTY_BODY = YES;
				CLANG_WARN_ENUM_CONVERSION = YES;
				CLANG_WARN_INT_CONVERSION = YES;
				CLANG_WARN_OBJC_ROOT_CLASS = YES_ERROR;
				CLANG_WARN_UNREACHABLE_CODE = YES;
				CLANG_WARN__DUPLICATE_METHOD_MATCH = YES;
				CODE_SIGN_IDENTITY = "-";
				COPY_PHASE_STRIP = NO;
				DEBUG_INFORMATION_FORMAT = dwarf;
				ENABLE_STRICT_OBJC_MSGSEND = YES;
				ENABLE_TESTABILITY = YES;
				GCC_C_LANGUAGE_STANDARD = gnu99;
				GCC_DYNAMIC_NO_PIC = NO;
				GCC_NO_COMMON_BLOCKS = YES;
				GCC_OPTIMIZATION_LEVEL = 0;
				GCC_PREPROCESSOR_DEFINITIONS = (
					"DEBUG=1",
					"$(inherited)",
				);
				GCC_WARN_64_TO_32_BIT_CONVERSION = YES;
				GCC_WARN_ABOUT_RETURN_TYPE = YES_ERROR;
				GCC_WARN_UNDECLARED_SELECTOR = YES;
				GCC_WARN_UNINITIALIZED_AUTOS = YES_AGGRESSIVE;
				GCC_WARN_UNUSED_FUNCTION = YES;
				GCC_WARN_UNUSED_VARIABLE = YES;
				MACOSX_DEPLOYMENT_TARGET = 10.11;
				MTL_ENABLE_DEBUG_INFO = YES;
				ONLY_ACTIVE_ARCH = YES;
				SDKROOT = macosx;
				SWIFT_OPTIMIZATION_LEVEL = "-Onone";
			};
			name = Debug;
		};
		41FE398A1C341DAB0064D1EA /* Release */ = {
			isa = XCBuildConfiguration;
			buildSettings = {
				ALWAYS_SEARCH_USER_PATHS = NO;
				CLANG_CXX_LANGUAGE_STANDARD = "gnu++0x";
				CLANG_CXX_LIBRARY = "libc++";
				CLANG_ENABLE_MODULES = YES;
				CLANG_ENABLE_OBJC_ARC = YES;
				CLANG_WARN_BOOL_CONVERSION = YES;
				CLANG_WARN_CONSTANT_CONVERSION = YES;
				CLANG_WARN_DIRECT_OBJC_ISA_USAGE = YES_ERROR;
				CLANG_WARN_EMPTY_BODY = YES;
				CLANG_WARN_ENUM_CONVERSION = YES;
				CLANG_WARN_INT_CONVERSION = YES;
				CLANG_WARN_OBJC_ROOT_CLASS = YES_ERROR;
				CLANG_WARN_UNREACHABLE_CODE = YES;
				CLANG_WARN__DUPLICATE_METHOD_MATCH = YES;
				CODE_SIGN_IDENTITY = "-";
				COPY_PHASE_STRIP = NO;
				DEBUG_INFORMATION_FORMAT = "dwarf-with-dsym";
				ENABLE_NS_ASSERTIONS = NO;
				ENABLE_STRICT_OBJC_MSGSEND = YES;
				GCC_C_LANGUAGE_STANDARD = gnu99;
				GCC_NO_COMMON_BLOCKS = YES;
				GCC_WARN_64_TO_32_BIT_CONVERSION = YES;
				GCC_WARN_ABOUT_RETURN_TYPE = YES_ERROR;
				GCC_WARN_UNDECLARED_SELECTOR = YES;
				GCC_WARN_UNINITIALIZED_AUTOS = YES_AGGRESSIVE;
				GCC_WARN_UNUSED_FUNCTION = YES;
				GCC_WARN_UNUSED_VARIABLE = YES;
				MACOSX_DEPLOYMENT_TARGET = 10.11;
				MTL_ENABLE_DEBUG_INFO = NO;
				SDKROOT = macosx;
			};
			name = Release;
		};
		41FE398C1C341DAB0064D1EA /* Debug */ = {
			isa = XCBuildConfiguration;
			buildSettings = {
				PRODUCT_NAME = "$(TARGET_NAME)";
			};
			name = Debug;
		};
		41FE398D1C341DAB0064D1EA /* Release */ = {
			isa = XCBuildConfiguration;
			buildSettings = {
				PRODUCT_NAME = "$(TARGET_NAME)";
			};
			name = Release;
		};
/* End XCBuildConfiguration section */

/* Begin XCConfigurationList section */
		41FE397F1C341DAB0064D1EA /* Build configuration list for PBXProject "DataStructuresAndAlgorithmsInSwift" */ = {
			isa = XCConfigurationList;
			buildConfigurations = (
				41FE39891C341DAB0064D1EA /* Debug */,
				41FE398A1C341DAB0064D1EA /* Release */,
			);
			defaultConfigurationIsVisible = 0;
			defaultConfigurationName = Release;
		};
		41FE398B1C341DAB0064D1EA /* Build configuration list for PBXNativeTarget "DataStructuresAndAlgorithmsInSwift" */ = {
			isa = XCConfigurationList;
			buildConfigurations = (
				41FE398C1C341DAB0064D1EA /* Debug */,
				41FE398D1C341DAB0064D1EA /* Release */,
			);
			defaultConfigurationIsVisible = 0;
			defaultConfigurationName = Release;
		};
/* End XCConfigurationList section */
	};
	rootObject = 41FE397C1C341DAB0064D1EA /* Project object */;
}
